{
  "requires": true,
  "lockfileVersion": 1,
  "dependencies": {
    "monaco-editor": {
      "version": "0.14.1",
      "resolved": "https://registry.npmjs.org/monaco-editor/-/monaco-editor-0.14.1.tgz",
      "integrity": "sha512-a73LapNgGxSHW0TOor9IkOvyFG5t0zupXb+sGrx7UMkMif/Ql/Fc9QXYZ26GLx80GHMmDVTZN4lBINzXltAhUg=="
    }
  }
}
